lockfileVersion: '6.0'

settings:
  autoInstallPeers: false
  excludeLinksFromLockfile: false

dependencies:
  '@rush-temp/package-with-peer-dep':
    specifier: file:./projects/package-with-peer-dep.tgz
    version: file:projects/package-with-peer-dep.tgz
  react:
    specifier: ^18.3.1
    version: 18.3.1

packages:

  /@remix-run/router@1.18.0:
    resolution: {integrity: sha512-L3jkqmqoSVBVKHfpGZmLrex0lxR5SucGA0sUfFzGctehw+S/ggL9L/0NnC5mw6P8HUWpFZ3nQw3cRApjjWx9Sw==}
    engines: {node: '>=14.0.0'}
    dev: false

  /js-tokens@4.0.0:
    resolution: {integrity: sha512-RdJUflcE3cUzKiMqQgsCu06FPu9UdIJO0beYbPhHN4k6apgJtifcoCtT9bcxOpYBtpD2kCM6Sbzg4CausW/PKQ==}
    dev: false

  /loose-envify@1.4.0:
    resolution: {integrity: sha512-lyuxPGr/Wfhrlem2CL/UcnUc1zcqKAImBDzukY7Y5F/yQiNdko6+fRLevlw1HgMySw7f611UIY408EtxRSoK3Q==}
    hasBin: true
    dependencies:
      js-tokens: 4.0.0
    dev: false

  /react-router@6.25.1(react@18.3.1):
    resolution: {integrity: sha512-u8ELFr5Z6g02nUtpPAggP73Jigj1mRePSwhS/2nkTrlPU5yEkH1vYzWNyvSnSzeeE2DNqWdH+P8OhIh9wuXhTw==}
    engines: {node: '>=14.0.0'}
    peerDependencies:
      react: '>=16.8'
    dependencies:
      '@remix-run/router': 1.18.0
      react: 18.3.1
    dev: false

  /react@18.3.1:
    resolution: {integrity: sha512-wS+hAgJShR0KhEvPJArfuPVN1+Hz1t0Y6n5jLrGQbkb4urgPE/0Rve+1kMB1v/oWgHgm4WIcV+i7F2pTVj+2iQ==}
    engines: {node: '>=0.10.0'}
    dependencies:
      loose-envify: 1.4.0
    dev: false

  file:projects/package-with-peer-dep.tgz:
    resolution: {integrity: sha512-re+MnPZSJqWZSPRE0WPwjjaC9TneT6AXci3Q8rKXUMKf8OiQykhXh/jcENF02bt3q4rvbtMlH2ux96jggSf2lg==, tarball: file:projects/package-with-peer-dep.tgz}
    name: '@rush-temp/package-with-peer-dep'
    version: 0.0.0
    dependencies:
      react: 18.3.1
      react-router: 6.25.1(react@18.3.1)
    dev: false
